PODS:
  - Nimble (9.2.0)
  - Quick (4.0.0)

DEPENDENCIES:
  - Nimble
  - Quick

SPEC REPOS:
  trunk:
    - Nimble
    - Quick

SPEC CHECKSUMS:
  Nimble: 4f4a345c80b503b3ea13606a4f98405974ee4d0b
  Quick: 6473349e43b9271a8d43839d9ba1c442ed1b7ac4

PODFILE CHECKSUM: eb1281322da8eef1bd1164ca8ba971f2eca84d98

COCOAPODS: 1.9.1
